
Microsoft Visual Studio Solution File, Format Version 12.00
# Visual Studio Version 17
VisualStudioVersion = 17.2.32210.308
MinimumVisualStudioVersion = 10.0.40219.1
Project("{FAE04EC0-301F-11D3-BF4B-00C04F79EFBC}") = "MassiveDynamic", "MassiveDynamic\MassiveDynamic.csproj", "{3C2D8F66-8AF9-420F-B071-06417115445D}"
EndProject
Global
	GlobalSection(SolutionConfigurationPlatforms) = preSolution
		Debug|Any CPU = Debug|Any CPU
		Release|Any CPU = Release|Any CPU
	EndGlobalSection
	GlobalSection(ProjectConfigurationPlatforms) = postSolution
		{3C2D8F66-8AF9-420F-B071-06417115445D}.Debug|Any CPU.ActiveCfg = Debug|Any CPU
		{3C2D8F66-8AF9-420F-B071-06417115445D}.Debug|Any CPU.Build.0 = Debug|Any CPU
		{3C2D8F66-8AF9-420F-B071-06417115445D}.Release|Any CPU.ActiveCfg = Release|Any CPU
		{3C2D8F66-8AF9-420F-B071-06417115445D}.Release|Any CPU.Build.0 = Release|Any CPU
	EndGlobalSection
	GlobalSection(SolutionProperties) = preSolution
		HideSolutionNode = FALSE
	EndGlobalSection
	GlobalSection(ExtensibilityGlobals) = postSolution
		SolutionGuid = {F3060D99-7F92-4973-B96A-7E392FEE18AA}
	EndGlobalSection
EndGlobal
